
Microsoft Visual Studio Solution File, Format Version 12.00
# Visual Studio Version 17
VisualStudioVersion = 17.7.34031.279
MinimumVisualStudioVersion = 10.0.40219.1
Project("{2150E333-8FDC-42A3-9474-1A3956D46DE8}") = "Domain", "Domain", "{6DD13413-B471-4AD1-83B9-EF5CAFDB8408}"
EndProject
Project("{2150E333-8FDC-42A3-9474-1A3956D46DE8}") = "Application", "Application", "{E7B2EC66-4C9E-424E-B5E3-030A72898ACF}"
EndProject
Project("{2150E333-8FDC-42A3-9474-1A3956D46DE8}") = "Infrastructure", "Infrastructure", "{A422853B-6622-4D8B-B093-005DCB91EEB9}"
EndProject
Project("{2150E333-8FDC-42A3-9474-1A3956D46DE8}") = "Presentation", "Presentation", "{A743B5C0-FCD7-406A-88CE-B84EEE96735D}"
EndProject
Project("{FAE04EC0-301F-11D3-BF4B-00C04F79EFBC}") = "EduTrack.Domain", "EduTrack.Domain\EduTrack.Domain.csproj", "{49A74FDE-FB6A-4709-B97E-4061401D703B}"
EndProject
Project("{FAE04EC0-301F-11D3-BF4B-00C04F79EFBC}") = "EduTrack.Persistence", "EduTrack.Persistence\EduTrack.Persistence.csproj", "{C26E67EE-531A-45AC-B2B3-F42DA935E504}"
EndProject
Project("{2150E333-8FDC-42A3-9474-1A3956D46DE8}") = "Core", "Core", "{89306294-BAFD-4424-892C-F4AB36C0B312}"
EndProject
Project("{FAE04EC0-301F-11D3-BF4B-00C04F79EFBC}") = "EduTrack.Application", "EduTrack.Application\EduTrack.Application.csproj", "{FA05C298-CCFE-4CE7-A8D4-1F186425B8F0}"
EndProject
Project("{FAE04EC0-301F-11D3-BF4B-00C04F79EFBC}") = "EduTrack.API", "EduTrack.API\EduTrack.API.csproj", "{DBCD4CF8-0750-489D-84B4-30DA6613172A}"
EndProject
Global
	GlobalSection(SolutionConfigurationPlatforms) = preSolution
		Debug|Any CPU = Debug|Any CPU
		Release|Any CPU = Release|Any CPU
	EndGlobalSection
	GlobalSection(ProjectConfigurationPlatforms) = postSolution
		{49A74FDE-FB6A-4709-B97E-4061401D703B}.Debug|Any CPU.ActiveCfg = Debug|Any CPU
		{49A74FDE-FB6A-4709-B97E-4061401D703B}.Debug|Any CPU.Build.0 = Debug|Any CPU
		{49A74FDE-FB6A-4709-B97E-4061401D703B}.Release|Any CPU.ActiveCfg = Release|Any CPU
		{49A74FDE-FB6A-4709-B97E-4061401D703B}.Release|Any CPU.Build.0 = Release|Any CPU
		{C26E67EE-531A-45AC-B2B3-F42DA935E504}.Debug|Any CPU.ActiveCfg = Debug|Any CPU
		{C26E67EE-531A-45AC-B2B3-F42DA935E504}.Debug|Any CPU.Build.0 = Debug|Any CPU
		{C26E67EE-531A-45AC-B2B3-F42DA935E504}.Release|Any CPU.ActiveCfg = Release|Any CPU
		{C26E67EE-531A-45AC-B2B3-F42DA935E504}.Release|Any CPU.Build.0 = Release|Any CPU
		{FA05C298-CCFE-4CE7-A8D4-1F186425B8F0}.Debug|Any CPU.ActiveCfg = Debug|Any CPU
		{FA05C298-CCFE-4CE7-A8D4-1F186425B8F0}.Debug|Any CPU.Build.0 = Debug|Any CPU
		{FA05C298-CCFE-4CE7-A8D4-1F186425B8F0}.Release|Any CPU.ActiveCfg = Release|Any CPU
		{FA05C298-CCFE-4CE7-A8D4-1F186425B8F0}.Release|Any CPU.Build.0 = Release|Any CPU
		{DBCD4CF8-0750-489D-84B4-30DA6613172A}.Debug|Any CPU.ActiveCfg = Debug|Any CPU
		{DBCD4CF8-0750-489D-84B4-30DA6613172A}.Debug|Any CPU.Build.0 = Debug|Any CPU
		{DBCD4CF8-0750-489D-84B4-30DA6613172A}.Release|Any CPU.ActiveCfg = Release|Any CPU
		{DBCD4CF8-0750-489D-84B4-30DA6613172A}.Release|Any CPU.Build.0 = Release|Any CPU
	EndGlobalSection
	GlobalSection(SolutionProperties) = preSolution
		HideSolutionNode = FALSE
	EndGlobalSection
	GlobalSection(NestedProjects) = preSolution
		{6DD13413-B471-4AD1-83B9-EF5CAFDB8408} = {89306294-BAFD-4424-892C-F4AB36C0B312}
		{E7B2EC66-4C9E-424E-B5E3-030A72898ACF} = {89306294-BAFD-4424-892C-F4AB36C0B312}
		{49A74FDE-FB6A-4709-B97E-4061401D703B} = {6DD13413-B471-4AD1-83B9-EF5CAFDB8408}
		{C26E67EE-531A-45AC-B2B3-F42DA935E504} = {A422853B-6622-4D8B-B093-005DCB91EEB9}
		{FA05C298-CCFE-4CE7-A8D4-1F186425B8F0} = {E7B2EC66-4C9E-424E-B5E3-030A72898ACF}
		{DBCD4CF8-0750-489D-84B4-30DA6613172A} = {A743B5C0-FCD7-406A-88CE-B84EEE96735D}
	EndGlobalSection
	GlobalSection(ExtensibilityGlobals) = postSolution
		SolutionGuid = {70ADF530-B642-4991-9918-6EF7589238B5}
	EndGlobalSection
EndGlobal
